{
  "name": "modulo-fase",
  "version": "1.0.0",
  "lockfileVersion": 3,
  "requires": true,
  "packages": {
    "": {
      "name": "modulo-fase",
      "version": "1.0.0",
      "license": "ISC",
      "devDependencies": {
        "@anthropic-ai/claude-code": "^2.1.280"
      }
    },
    "node_modules/@anthropic-ai/claude-code": {
      "version": "2.1.280",
      "resolved": "https://registry.npmjs.org/@anthropic-ai/claude-code/-/claude-code-2.1.280.tgz",
      "integrity": "sha512-EZlX8jqNf+e7q9v+UoPbLYAbEGth7aDbcTytHzPYYohbP/fCfrjboCbcv85ZYGEq1Rq7Amm8hXLhuCKxLsabwA==",
      "dev": true,
      "hasInstallScript": true,
      "license": "SEE LICENSE IN README.md",
      "bin": {
        "claude": "bin/claude.exe"
      },
      "engines": {
        "node": ">=22.0.0"
      },
      "optionalDependencies": {
        "@anthropic-ai/claude-code-darwin-arm64": "2.1.280",
        "@anthropic-ai/claude-code-darwin-x64": "2.1.280",
        "@anthropic-ai/claude-code-linux-arm64": "2.1.280",
        "@anthropic-ai/claude-code-linux-arm64-musl": "2.1.280",
        "@anthropic-ai/claude-code-linux-x64": "2.1.280",
        "@anthropic-ai/claude-code-linux-x64-musl": "2.1.280",
        "@anthropic-ai/claude-code-win32-arm64": "2.1.280",
        "@anthropic-ai/claude-code-win32-x64": "2.1.280"
      }
    },
    "node_modules/@anthropic-ai/claude-code-darwin-arm64": {
      "version": "2.1.280",
      "resolved": "https://registry.npmjs.org/@anthropic-ai/claude-code-darwin-arm64/-/claude-code-darwin-arm64-2.1.280.tgz",
      "integrity": "sha512-ctkNgja8Yi2kngVFPO2667k6zbtJwjQ+dOTeEp1XmzHcoDFdaee4h4WVgZllsewm/Io+pPPPSFQVdGHOtdE/1A==",
      "cpu": [
        "arm64"
      ],
      "dev": true,
      "license": "SEE LICENSE IN LICENSE.md",
      "optional": true,
      "os": [
        "darwin"
      ]
    },
    "node_modules/@anthropic-ai/claude-code-darwin-x64": {
      "version": "2.1.280",
      "resolved": "https://registry.npmjs.org/@anthropic-ai/claude-code-darwin-x64/-/claude-code-darwin-x64-2.1.280.tgz",
      "integrity": "sha512-991qNyZVC/ra6THRMLDJ1mB1a+/C/bpKEA1w5ttNJA0mTvVm012kAbS3Pf7zrvRBFe7fU1KeHkGlTTq49519qA==",
      "cpu": [
        "x64"
      ],
      "dev": true,
      "license": "SEE LICENSE IN LICENSE.md",
      "optional": true,
      "os": [
        "darwin"
      ]
    },
    "node_modules/@anthropic-ai/claude-code-linux-arm64": {
      "version": "2.1.280",
      "resolved": "https://registry.npmjs.org/@anthropic-ai/claude-code-linux-arm64/-/claude-code-linux-arm64-2.1.280.tgz",
      "integrity": "sha512-zB4oqrFwimkV/FmBOkVxvv8iYgsuDSp7/MY8uYTns4SCE4DwdHz58X1cO1sgqLnCR96A0oU7Yirov1Uk3iGKAA==",
      "cpu": [
        "arm64"
      ],
      "dev": true,
      "libc": [
        "glibc"
      ],
      "license": "SEE LICENSE IN LICENSE.md",
      "optional": true,
      "os": [
        "linux"
      ]
    },
    "node_modules/@anthropic-ai/claude-code-linux-arm64-musl": {
      "version": "2.1.280",
      "resolved": "https://registry.npmjs.org/@anthropic-ai/claude-code-linux-arm64-musl/-/claude-code-linux-arm64-musl-2.1.280.tgz",
      "integrity": "sha512-SCpowU8dQo7tlh0m0Pp6KByEtfLtQYNu9QTGSWT3CZ8XlxStT45z8q7DWdm5/WVpR5iFmQJbqT7y9BSPsT0G/Q==",
      "cpu": [
        "arm64"
      ],
      "dev": true,
      "libc": [
        "musl"
      ],
      "license": "SEE LICENSE IN LICENSE.md",
      "optional": true,
      "os": [
        "linux"
      ]
    },
    "node_modules/@anthropic-ai/claude-code-linux-x64": {
      "version": "2.1.280",
      "resolved": "https://registry.npmjs.org/@anthropic-ai/claude-code-linux-x64/-/claude-code-linux-x64-2.1.280.tgz",
      "integrity": "sha512-dJHWFrDSIZ26hdLucnK3ehLmzdzYl3MsPC1RzUctAUaYnZlH5kfAZxnK8qYRAQ89GX3OPrLsnFdt/QnP+0Ck6Q==",
      "cpu": [
        "x64"
      ],
      "dev": true,
      "libc": [
        "glibc"
      ],
      "license": "SEE LICENSE IN LICENSE.md",
      "optional": true,
      "os": [
        "linux"
      ]
    },
    "node_modules/@anthropic-ai/claude-code-linux-x64-musl": {
      "version": "2.1.280",
      "resolved": "https://registry.npmjs.org/@anthropic-ai/claude-code-linux-x64-musl/-/claude-code-linux-x64-musl-2.1.280.tgz",
      "integrity": "sha512-ch/0huIHL0oJLOFeuraNtavmAlQZ8+EyGltrkbSm/eHM1KtRl9Xr0mwbkF0M16RF4QGBe6da1Z1okLmZLVkPLw==",
      "cpu": [
        "x64"
      ],
      "dev": true,
      "libc": [
        "musl"
      ],
      "license": "SEE LICENSE IN LICENSE.md",
      "optional": true,
      "os": [
        "linux"
      ]
    },
    "node_modules/@anthropic-ai/claude-code-win32-arm64": {
      "version": "2.1.280",
      "resolved": "https://registry.npmjs.org/@anthropic-ai/claude-code-win32-arm64/-/claude-code-win32-arm64-2.1.280.tgz",
      "integrity": "sha512-0g6yAB6hyCJxo6yQt6SVEV7xQwqaLmz2TxM1F56mRwIPjMwIpjqESI/lYR7efNA1o3Flir4jK96PtkO7fg5WUw==",
      "cpu": [
        "arm64"
      ],
      "dev": true,
      "license": "SEE LICENSE IN LICENSE.md",
      "optional": true,
      "os": [
        "win32"
      ]
    },
    "node_modules/@anthropic-ai/claude-code-win32-x64": {
      "version": "2.1.280",
      "resolved": "https://registry.npmjs.org/@anthropic-ai/claude-code-win32-x64/-/claude-code-win32-x64-2.1.280.tgz",
      "integrity": "sha512-/Cbb0f28a9iKVoZwgrGhNT7/5c8dhDbnKwaQvJFz8qjApgcfrWEtBmDQbOP0WbGH56NyytJGJ1oQfpfsCfIQcA==",
      "cpu": [
        "x64"
      ],
      "dev": true,
      "license": "SEE LICENSE IN LICENSE.md",
      "optional": true,
      "os": [
        "win32"
      ]
    }
  }
}
